
Microsoft Visual Studio Solution File, Format Version 12.00
# Visual Studio Version 17
VisualStudioVersion = 17.1.32407.343
MinimumVisualStudioVersion = 10.0.40219.1
Project("{FAE04EC0-301F-11D3-BF4B-00C04F79EFBC}") = "GraphQL.Api", "GraphQL.Api\GraphQL.Api.csproj", "{3ECF4A1C-FE84-45F4-B7D2-9F7BD27949DA}"
EndProject
Project("{FAE04EC0-301F-11D3-BF4B-00C04F79EFBC}") = "GraphQL.Domain", "GraphQL.Domain\GraphQL.Domain.csproj", "{50687BDE-F6B7-4AA4-BB48-31ACDC2CEB40}"
EndProject
Project("{FAE04EC0-301F-11D3-BF4B-00C04F79EFBC}") = "GraphQL.Infra", "GraphQL.Infra\GraphQL.Infra.csproj", "{C2640AA2-3CA0-478B-AE7F-3B31EAB1FFD6}"
EndProject
Project("{FAE04EC0-301F-11D3-BF4B-00C04F79EFBC}") = "GraphQL.Application", "GraphQL.Application\GraphQL.Application.csproj", "{72F1E1CA-E40E-4E4D-BAC4-5A1C9331CAD1}"
EndProject
Global
	GlobalSection(SolutionConfigurationPlatforms) = preSolution
		Debug|Any CPU = Debug|Any CPU
		Release|Any CPU = Release|Any CPU
	EndGlobalSection
	GlobalSection(ProjectConfigurationPlatforms) = postSolution
		{3ECF4A1C-FE84-45F4-B7D2-9F7BD27949DA}.Debug|Any CPU.ActiveCfg = Debug|Any CPU
		{3ECF4A1C-FE84-45F4-B7D2-9F7BD27949DA}.Debug|Any CPU.Build.0 = Debug|Any CPU
		{3ECF4A1C-FE84-45F4-B7D2-9F7BD27949DA}.Release|Any CPU.ActiveCfg = Release|Any CPU
		{3ECF4A1C-FE84-45F4-B7D2-9F7BD27949DA}.Release|Any CPU.Build.0 = Release|Any CPU
		{50687BDE-F6B7-4AA4-BB48-31ACDC2CEB40}.Debug|Any CPU.ActiveCfg = Debug|Any CPU
		{50687BDE-F6B7-4AA4-BB48-31ACDC2CEB40}.Debug|Any CPU.Build.0 = Debug|Any CPU
		{50687BDE-F6B7-4AA4-BB48-31ACDC2CEB40}.Release|Any CPU.ActiveCfg = Release|Any CPU
		{50687BDE-F6B7-4AA4-BB48-31ACDC2CEB40}.Release|Any CPU.Build.0 = Release|Any CPU
		{C2640AA2-3CA0-478B-AE7F-3B31EAB1FFD6}.Debug|Any CPU.ActiveCfg = Debug|Any CPU
		{C2640AA2-3CA0-478B-AE7F-3B31EAB1FFD6}.Debug|Any CPU.Build.0 = Debug|Any CPU
		{C2640AA2-3CA0-478B-AE7F-3B31EAB1FFD6}.Release|Any CPU.ActiveCfg = Release|Any CPU
		{C2640AA2-3CA0-478B-AE7F-3B31EAB1FFD6}.Release|Any CPU.Build.0 = Release|Any CPU
		{72F1E1CA-E40E-4E4D-BAC4-5A1C9331CAD1}.Debug|Any CPU.ActiveCfg = Debug|Any CPU
		{72F1E1CA-E40E-4E4D-BAC4-5A1C9331CAD1}.Debug|Any CPU.Build.0 = Debug|Any CPU
		{72F1E1CA-E40E-4E4D-BAC4-5A1C9331CAD1}.Release|Any CPU.ActiveCfg = Release|Any CPU
		{72F1E1CA-E40E-4E4D-BAC4-5A1C9331CAD1}.Release|Any CPU.Build.0 = Release|Any CPU
	EndGlobalSection
	GlobalSection(SolutionProperties) = preSolution
		HideSolutionNode = FALSE
	EndGlobalSection
	GlobalSection(ExtensibilityGlobals) = postSolution
		SolutionGuid = {B0F28B5B-10F3-487A-9C4C-EDCB58C8FAA1}
	EndGlobalSection
EndGlobal
